
Microsoft Visual Studio Solution File, Format Version 12.00
# Visual Studio Version 17
VisualStudioVersion = 17.6.33829.357
MinimumVisualStudioVersion = 10.0.40219.1
Project("{FAE04EC0-301F-11D3-BF4B-00C04F79EFBC}") = "POS", "POS\POS.csproj", "{B56BA77C-3226-4138-AB52-A0DF275E8225}"
EndProject
Global
	GlobalSection(SolutionConfigurationPlatforms) = preSolution
		Debug|Any CPU = Debug|Any CPU
		Release|Any CPU = Release|Any CPU
	EndGlobalSection
	GlobalSection(ProjectConfigurationPlatforms) = postSolution
		{B56BA77C-3226-4138-AB52-A0DF275E8225}.Debug|Any CPU.ActiveCfg = Debug|Any CPU
		{B56BA77C-3226-4138-AB52-A0DF275E8225}.Debug|Any CPU.Build.0 = Debug|Any CPU
		{B56BA77C-3226-4138-AB52-A0DF275E8225}.Release|Any CPU.ActiveCfg = Release|Any CPU
		{B56BA77C-3226-4138-AB52-A0DF275E8225}.Release|Any CPU.Build.0 = Release|Any CPU
	EndGlobalSection
	GlobalSection(SolutionProperties) = preSolution
		HideSolutionNode = FALSE
	EndGlobalSection
	GlobalSection(ExtensibilityGlobals) = postSolution
		SolutionGuid = {7D16A2A1-B193-4C77-9D49-11DDA6962668}
	EndGlobalSection
EndGlobal
